
Microsoft Visual Studio Solution File, Format Version 12.00
# Visual Studio Version 16
VisualStudioVersion = 16.0.31515.178
MinimumVisualStudioVersion = 10.0.40219.1
Project("{8BC9CEB8-8B4A-11D0-8D11-00A0C91BC942}") = "SocketExample", "SocketExample\SocketExample.vcxproj", "{E56C3044-BB30-4231-913E-3F345CD72762}"
EndProject
Global
	GlobalSection(SolutionConfigurationPlatforms) = preSolution
		Debug|x64 = Debug|x64
		Debug|x86 = Debug|x86
		Release|x64 = Release|x64
		Release|x86 = Release|x86
	EndGlobalSection
	GlobalSection(ProjectConfigurationPlatforms) = postSolution
		{E56C3044-BB30-4231-913E-3F345CD72762}.Debug|x64.ActiveCfg = Debug|x64
		{E56C3044-BB30-4231-913E-3F345CD72762}.Debug|x64.Build.0 = Debug|x64
		{E56C3044-BB30-4231-913E-3F345CD72762}.Debug|x86.ActiveCfg = Debug|Win32
		{E56C3044-BB30-4231-913E-3F345CD72762}.Debug|x86.Build.0 = Debug|Win32
		{E56C3044-BB30-4231-913E-3F345CD72762}.Release|x64.ActiveCfg = Release|x64
		{E56C3044-BB30-4231-913E-3F345CD72762}.Release|x64.Build.0 = Release|x64
		{E56C3044-BB30-4231-913E-3F345CD72762}.Release|x86.ActiveCfg = Release|Win32
		{E56C3044-BB30-4231-913E-3F345CD72762}.Release|x86.Build.0 = Release|Win32
	EndGlobalSection
	GlobalSection(SolutionProperties) = preSolution
		HideSolutionNode = FALSE
	EndGlobalSection
	GlobalSection(ExtensibilityGlobals) = postSolution
		SolutionGuid = {EF43A9D0-D568-47DF-BE90-1F5CABCDE2D0}
	EndGlobalSection
EndGlobal
